
Microsoft Visual Studio Solution File, Format Version 12.00
# Visual Studio Version 16
VisualStudioVersion = 16.0.31019.35
MinimumVisualStudioVersion = 10.0.40219.1
Project("{FAE04EC0-301F-11D3-BF4B-00C04F79EFBC}") = "App_ShopWithMe", "App_ShopWithMe\App_ShopWithMe.csproj", "{BEF41BE2-B5EE-41EC-9057-D4A14DEC3C49}"
EndProject
Global
	GlobalSection(SolutionConfigurationPlatforms) = preSolution
		Debug|Any CPU = Debug|Any CPU
		Release|Any CPU = Release|Any CPU
	EndGlobalSection
	GlobalSection(ProjectConfigurationPlatforms) = postSolution
		{BEF41BE2-B5EE-41EC-9057-D4A14DEC3C49}.Debug|Any CPU.ActiveCfg = Debug|Any CPU
		{BEF41BE2-B5EE-41EC-9057-D4A14DEC3C49}.Debug|Any CPU.Build.0 = Debug|Any CPU
		{BEF41BE2-B5EE-41EC-9057-D4A14DEC3C49}.Release|Any CPU.ActiveCfg = Release|Any CPU
		{BEF41BE2-B5EE-41EC-9057-D4A14DEC3C49}.Release|Any CPU.Build.0 = Release|Any CPU
	EndGlobalSection
	GlobalSection(SolutionProperties) = preSolution
		HideSolutionNode = FALSE
	EndGlobalSection
	GlobalSection(ExtensibilityGlobals) = postSolution
		SolutionGuid = {139750A8-EDA3-4A47-BFFB-B146AEB17930}
	EndGlobalSection
EndGlobal
